{
    "_meta": {
        "hash": {
            "sha256": "2460977b5a61121c4f62357a1811997ec62312d01866d87332c377db157d88aa"
        },
        "pipfile-spec": 6,
        "requires": {
            "python_version": "3.6"
        },
        "sources": [
            {
                "name": "pypi",
                "url": "https://pypi.org/simple",
                "verify_ssl": true
            }
        ]
    },
    "default": {
        "cmudict": {
            "hashes": [
                "sha256:19a96de1eff8a055a5a070a754fab268f31ffb2b39d702e005636f36bcbdaf8a",
                "sha256:96264dedd7dc95cd903242d75ea7869e3fe3a8b2dae0fda41f90d455cb73ff17"
            ],
            "version": "==0.4.2"
        },
        "pronouncing": {
            "hashes": [
                "sha256:ff7856e1d973b3e16ff490c5cf1abdb52f08f45e2c35e463249b75741331e7c4"
            ],
            "index": "pypi",
            "version": "==0.2.0"
        },
        "syllabipy": {
            "hashes": [
                "sha256:4d747730ad99b416755b4a049af9ffa6303ecadae9e024f3eddb90a5a4d7e8f4"
            ],
            "index": "pypi",
            "version": "==0.2"
        }
    },
    "develop": {}
}
